{
  "lockfileVersion": 1,
  "configVersion": 1,
  "workspaces": {
    "": {
      "name": "@shutterly/plugin-omdb",
      "dependencies": {
        "@neoworks-dev/otter-sdk": "link:@neoworks-dev/otter-sdk",
      },
    },
  },
  "packages": {
    "@neoworks-dev/otter-sdk": ["@neoworks-dev/otter-sdk@link:@neoworks-dev/otter-sdk", {}],
  }
}
